// !$*UTF8*$!
{
	archiveVersion = 1;
	classes = {
	};
	objectVersion = 50;
	objects = {

/* Begin PBXBuildFile section */
		BC19C9E52411CD03001FA717 /* AppDelegate.swift in Sources */ = {isa = PBXBuildFile; fileRef = BC19C9E42411CD03001FA717 /* AppDelegate.swift */; };
		BC19C9E72411CD03001FA717 /* SceneDelegate.swift in Sources */ = {isa = PBXBuildFile; fileRef = BC19C9E62411CD03001FA717 /* SceneDelegate.swift */; };
		BC19C9E92411CD03001FA717 /* ViewController.swift in Sources */ = {isa = PBXBuildFile; fileRef = BC19C9E82411CD03001FA717 /* ViewController.swift */; };
		BC19C9EC2411CD03001FA717 /* Main.storyboard in Resources */ = {isa = PBXBuildFile; fileRef = BC19C9EA2411CD03001FA717 /* Main.storyboard */; };
		BC19C9EE2411CD04001FA717 /* Assets.xcassets in Resources */ = {isa = PBXBuildFile; fileRef = BC19C9ED2411CD04001FA717 /* Assets.xcassets */; };
		BC19C9F12411CD04001FA717 /* LaunchScreen.storyboard in Resources */ = {isa = PBXBuildFile; fileRef = BC19C9EF2411CD04001FA717 /* LaunchScreen.storyboard */; };
		BC19C9FC2411CD04001FA717 /* ios_DateExtension_demoTests.swift in Sources */ = {isa = PBXBuildFile; fileRef = BC19C9FB2411CD04001FA717 /* ios_DateExtension_demoTests.swift */; };
/* End PBXBuildFile section */

/* Begin PBXContainerItemProxy section */
		BC19C9F82411CD04001FA717 /* PBXContainerItemProxy */ = {
			isa = PBXContainerItemProxy;
			containerPortal = BC19C9D92411CD03001FA717 /* Project object */;
			proxyType = 1;
			remoteGlobalIDString = BC19C9E02411CD03001FA717;
			remoteInfo = "ios-DateExtension-demo";
		};
/* End PBXContainerItemProxy section */

/* Begin PBXFileReference section */
		BC19C9E12411CD03001FA717 /* ios-DateExtension-demo.app */ = {isa = PBXFileReference; explicitFileType = wrapper.application; includeInIndex = 0; path = "ios-DateExtension-demo.app"; sourceTree = BUILT_PRODUCTS_DIR; };
		BC19C9E42411CD03001FA717 /* AppDelegate.swift */ = {isa = PBXFileReference; lastKnownFileType = sourcecode.swift; path = AppDelegate.swift; sourceTree = "<group>"; };
		BC19C9E62411CD03001FA717 /* SceneDelegate.swift */ = {isa = PBXFileReference; lastKnownFileType = sourcecode.swift; path = SceneDelegate.swift; sourceTree = "<group>"; };
		BC19C9E82411CD03001FA717 /* ViewController.swift */ = {isa = PBXFileReference; lastKnownFileType = sourcecode.swift; path = ViewController.swift; sourceTree = "<group>"; };
		BC19C9EB2411CD03001FA717 /* Base */ = {isa = PBXFileReference; lastKnownFileType = file.storyboard; name = Base; path = Base.lproj/Main.storyboard; sourceTree = "<group>"; };
		BC19C9ED2411CD04001FA717 /* Assets.xcassets */ = {isa = PBXFileReference; lastKnownFileType = folder.assetcatalog; path = Assets.xcassets; sourceTree = "<group>"; };
		BC19C9F02411CD04001FA717 /* Base */ = {isa = PBXFileReference; lastKnownFileType = file.storyboard; name = Base; path = Base.lproj/LaunchScreen.storyboard; sourceTree = "<group>"; };
		BC19C9F22411CD04001FA717 /* Info.plist */ = {isa = PBXFileReference; lastKnownFileType = text.plist.xml; path = Info.plist; sourceTree = "<group>"; };
		BC19C9F72411CD04001FA717 /* ios-DateExtension-demoTests.xctest */ = {isa = PBXFileReference; explicitFileType = wrapper.cfbundle; includeInIndex = 0; path = "ios-DateExtension-demoTests.xctest"; sourceTree = BUILT_PRODUCTS_DIR; };
		BC19C9FB2411CD04001FA717 /* ios_DateExtension_demoTests.swift */ = {isa = PBXFileReference; lastKnownFileType = sourcecode.swift; path = ios_DateExtension_demoTests.swift; sourceTree = "<group>"; };
		BC19C9FD2411CD04001FA717 /* Info.plist */ = {isa = PBXFileReference; lastKnownFileType = text.plist.xml; path = Info.plist; sourceTree = "<group>"; };
/* End PBXFileReference section */

/* Begin PBXFrameworksBuildPhase section */
		BC19C9DE2411CD03001FA717 /* Frameworks */ = {
			isa = PBXFrameworksBuildPhase;
			buildActionMask = 2147483647;
			files = (
			);
			runOnlyForDeploymentPostprocessing = 0;
		};
		BC19C9F42411CD04001FA717 /* Frameworks */ = {
			isa = PBXFrameworksBuildPhase;
			buildActionMask = 2147483647;
			files = (
			);
			runOnlyForDeploymentPostprocessing = 0;
		};
/* End PBXFrameworksBuildPhase section */

/* Begin PBXGroup section */
		BC19C9D82411CD03001FA717 = {
			isa = PBXGroup;
			children = (
				BC19C9E32411CD03001FA717 /* ios-DateExtension-demo */,
				BC19C9FA2411CD04001FA717 /* ios-DateExtension-demoTests */,
				BC19C9E22411CD03001FA717 /* Products */,
			);
			sourceTree = "<group>";
		};
		BC19C9E22411CD03001FA717 /* Products */ = {
			isa = PBXGroup;
			children = (
				BC19C9E12411CD03001FA717 /* ios-DateExtension-demo.app */,
				BC19C9F72411CD04001FA717 /* ios-DateExtension-demoTests.xctest */,
			);
			name = Products;
			sourceTree = "<group>";
		};
		BC19C9E32411CD03001FA717 /* ios-DateExtension-demo */ = {
			isa = PBXGroup;
			children = (
				BC19C9E42411CD03001FA717 /* AppDelegate.swift */,
				BC19C9E62411CD03001FA717 /* SceneDelegate.swift */,
				BC19C9E82411CD03001FA717 /* ViewController.swift */,
				BC19C9EA2411CD03001FA717 /* Main.storyboard */,
				BC19C9ED2411CD04001FA717 /* Assets.xcassets */,
				BC19C9EF2411CD04001FA717 /* LaunchScreen.storyboard */,
				BC19C9F22411CD04001FA717 /* Info.plist */,
			);
			path = "ios-DateExtension-demo";
			sourceTree = "<group>";
		};
		BC19C9FA2411CD04001FA717 /* ios-DateExtension-demoTests */ = {
			isa = PBXGroup;
			children = (
				BC19C9FB2411CD04001FA717 /* ios_DateExtension_demoTests.swift */,
				BC19C9FD2411CD04001FA717 /* Info.plist */,
			);
			path = "ios-DateExtension-demoTests";
			sourceTree = "<group>";
		};
/* End PBXGroup section */

/* Begin PBXNativeTarget section */
		BC19C9E02411CD03001FA717 /* ios-DateExtension-demo */ = {
			isa = PBXNativeTarget;
			buildConfigurationList = BC19CA002411CD04001FA717 /* Build configuration list for PBXNativeTarget "ios-DateExtension-demo" */;
			buildPhases = (
				BC19C9DD2411CD03001FA717 /* Sources */,
				BC19C9DE2411CD03001FA717 /* Frameworks */,
				BC19C9DF2411CD03001FA717 /* Resources */,
			);
			buildRules = (
			);
			dependencies = (
			);
			name = "ios-DateExtension-demo";
			productName = "ios-DateExtension-demo";
			productReference = BC19C9E12411CD03001FA717 /* ios-DateExtension-demo.app */;
			productType = "com.apple.product-type.application";
		};
		BC19C9F62411CD04001FA717 /* ios-DateExtension-demoTests */ = {
			isa = PBXNativeTarget;
			buildConfigurationList = BC19CA032411CD04001FA717 /* Build configuration list for PBXNativeTarget "ios-DateExtension-demoTests" */;
			buildPhases = (
				BC19C9F32411CD04001FA717 /* Sources */,
				BC19C9F42411CD04001FA717 /* Frameworks */,
				BC19C9F52411CD04001FA717 /* Resources */,
			);
			buildRules = (
			);
			dependencies = (
				BC19C9F92411CD04001FA717 /* PBXTargetDependency */,
			);
			name = "ios-DateExtension-demoTests";
			productName = "ios-DateExtension-demoTests";
			productReference = BC19C9F72411CD04001FA717 /* ios-DateExtension-demoTests.xctest */;
			productType = "com.apple.product-type.bundle.unit-test";
		};
/* End PBXNativeTarget section */

/* Begin PBXProject section */
		BC19C9D92411CD03001FA717 /* Project object */ = {
			isa = PBXProject;
			attributes = {
				LastSwiftUpdateCheck = 1120;
				LastUpgradeCheck = 1120;
				ORGANIZATIONNAME = "eiji kushida";
				TargetAttributes = {
					BC19C9E02411CD03001FA717 = {
						CreatedOnToolsVersion = 11.2.1;
					};
					BC19C9F62411CD04001FA717 = {
						CreatedOnToolsVersion = 11.2.1;
						TestTargetID = BC19C9E02411CD03001FA717;
					};
				};
			};
			buildConfigurationList = BC19C9DC2411CD03001FA717 /* Build configuration list for PBXProject "ios-DateExtension-demo" */;
			compatibilityVersion = "Xcode 9.3";
			developmentRegion = en;
			hasScannedForEncodings = 0;
			knownRegions = (
				en,
				Base,
			);
			mainGroup = BC19C9D82411CD03001FA717;
			productRefGroup = BC19C9E22411CD03001FA717 /* Products */;
			projectDirPath = "";
			projectRoot = "";
			targets = (
				BC19C9E02411CD03001FA717 /* ios-DateExtension-demo */,
				BC19C9F62411CD04001FA717 /* ios-DateExtension-demoTests */,
			);
		};
/* End PBXProject section */

/* Begin PBXResourcesBuildPhase section */
		BC19C9DF2411CD03001FA717 /* Resources */ = {
			isa = PBXResourcesBuildPhase;
			buildActionMask = 2147483647;
			files = (
				BC19C9F12411CD04001FA717 /* LaunchScreen.storyboard in Resources */,
				BC19C9EE2411CD04001FA717 /* Assets.xcassets in Resources */,
				BC19C9EC2411CD03001FA717 /* Main.storyboard in Resources */,
			);
			runOnlyForDeploymentPostprocessing = 0;
		};
		BC19C9F52411CD04001FA717 /* Resources */ = {
			isa = PBXResourcesBuildPhase;
			buildActionMask = 2147483647;
			files = (
			);
			runOnlyForDeploymentPostprocessing = 0;
		};
/* End PBXResourcesBuildPhase section */

/* Begin PBXSourcesBuildPhase section */
		BC19C9DD2411CD03001FA717 /* Sources */ = {
			isa = PBXSourcesBuildPhase;
			buildActionMask = 2147483647;
			files = (
				BC19C9E92411CD03001FA717 /* ViewController.swift in Sources */,
				BC19C9E52411CD03001FA717 /* AppDelegate.swift in Sources */,
				BC19C9E72411CD03001FA717 /* SceneDelegate.swift in Sources */,
			);
			runOnlyForDeploymentPostprocessing = 0;
		};
		BC19C9F32411CD04001FA717 /* Sources */ = {
			isa = PBXSourcesBuildPhase;
			buildActionMask = 2147483647;
			files = (
				BC19C9FC2411CD04001FA717 /* ios_DateExtension_demoTests.swift in Sources */,
			);
			runOnlyForDeploymentPostprocessing = 0;
		};
/* End PBXSourcesBuildPhase section */

/* Begin PBXTargetDependency section */
		BC19C9F92411CD04001FA717 /* PBXTargetDependency */ = {
			isa = PBXTargetDependency;
			target = BC19C9E02411CD03001FA717 /* ios-DateExtension-demo */;
			targetProxy = BC19C9F82411CD04001FA717 /* PBXContainerItemProxy */;
		};
/* End PBXTargetDependency section */

/* Begin PBXVariantGroup section */
		BC19C9EA2411CD03001FA717 /* Main.storyboard */ = {
			isa = PBXVariantGroup;
			children = (
				BC19C9EB2411CD03001FA717 /* Base */,
			);
			name = Main.storyboard;
			sourceTree = "<group>";
		};
		BC19C9EF2411CD04001FA717 /* LaunchScreen.storyboard */ = {
			isa = PBXVariantGroup;
			children = (
				BC19C9F02411CD04001FA717 /* Base */,
			);
			name = LaunchScreen.storyboard;
			sourceTree = "<group>";
		};
/* End PBXVariantGroup section */

/* Begin XCBuildConfiguration section */
		BC19C9FE2411CD04001FA717 /* Debug */ = {
			isa = XCBuildConfiguration;
			buildSettings = {
				ALWAYS_SEARCH_USER_PATHS = NO;
				CLANG_ANALYZER_NONNULL = YES;
				CLANG_ANALYZER_NUMBER_OBJECT_CONVERSION = YES_AGGRESSIVE;
				CLANG_CXX_LANGUAGE_STANDARD = "gnu++14";
				CLANG_CXX_LIBRARY = "libc++";
				CLANG_ENABLE_MODULES = YES;
				CLANG_ENABLE_OBJC_ARC = YES;
				CLANG_ENABLE_OBJC_WEAK = YES;
				CLANG_WARN_BLOCK_CAPTURE_AUTORELEASING = YES;
				CLANG_WARN_BOOL_CONVERSION = YES;
				CLANG_WARN_COMMA = YES;
				CLANG_WARN_CONSTANT_CONVERSION = YES;
				CLANG_WARN_DEPRECATED_OBJC_IMPLEMENTATIONS = YES;
				CLANG_WARN_DIRECT_OBJC_ISA_USAGE = YES_ERROR;
				CLANG_WARN_DOCUMENTATION_COMMENTS = YES;
				CLANG_WARN_EMPTY_BODY = YES;
				CLANG_WARN_ENUM_CONVERSION = YES;
				CLANG_WARN_INFINITE_RECURSION = YES;
				CLANG_WARN_INT_CONVERSION = YES;
				CLANG_WARN_NON_LITERAL_NULL_CONVERSION = YES;
				CLANG_WARN_OBJC_IMPLICIT_RETAIN_SELF = YES;
				CLANG_WARN_OBJC_LITERAL_CONVERSION = YES;
				CLANG_WARN_OBJC_ROOT_CLASS = YES_ERROR;
				CLANG_WARN_RANGE_LOOP_ANALYSIS = YES;
				CLANG_WARN_STRICT_PROTOTYPES = YES;
				CLANG_WARN_SUSPICIOUS_MOVE = YES;
				CLANG_WARN_UNGUARDED_AVAILABILITY = YES_AGGRESSIVE;
				CLANG_WARN_UNREACHABLE_CODE = YES;
				CLANG_WARN__DUPLICATE_METHOD_MATCH = YES;
				COPY_PHASE_STRIP = NO;
				DEBUG_INFORMATION_FORMAT = dwarf;
				ENABLE_STRICT_OBJC_MSGSEND = YES;
				ENABLE_TESTABILITY = YES;
				GCC_C_LANGUAGE_STANDARD = gnu11;
				GCC_DYNAMIC_NO_PIC = NO;
				GCC_NO_COMMON_BLOCKS = YES;
				GCC_OPTIMIZATION_LEVEL = 0;
				GCC_PREPROCESSOR_DEFINITIONS = (
					"DEBUG=1",
					"$(inherited)",
				);
				GCC_WARN_64_TO_32_BIT_CONVERSION = YES;
				GCC_WARN_ABOUT_RETURN_TYPE = YES_ERROR;
				GCC_WARN_UNDECLARED_SELECTOR = YES;
				GCC_WARN_UNINITIALIZED_AUTOS = YES_AGGRESSIVE;
				GCC_WARN_UNUSED_FUNCTION = YES;
				GCC_WARN_UNUSED_VARIABLE = YES;
				IPHONEOS_DEPLOYMENT_TARGET = 13.2;
				MTL_ENABLE_DEBUG_INFO = INCLUDE_SOURCE;
				MTL_FAST_MATH = YES;
				ONLY_ACTIVE_ARCH = YES;
				SDKROOT = iphoneos;
				SWIFT_ACTIVE_COMPILATION_CONDITIONS = DEBUG;
				SWIFT_OPTIMIZATION_LEVEL = "-Onone";
			};
			name = Debug;
		};
		BC19C9FF2411CD04001FA717 /* Release */ = {
			isa = XCBuildConfiguration;
			buildSettings = {
				ALWAYS_SEARCH_USER_PATHS = NO;
				CLANG_ANALYZER_NONNULL = YES;
				CLANG_ANALYZER_NUMBER_OBJECT_CONVERSION = YES_AGGRESSIVE;
				CLANG_CXX_LANGUAGE_STANDARD = "gnu++14";
				CLANG_CXX_LIBRARY = "libc++";
				CLANG_ENABLE_MODULES = YES;
				CLANG_ENABLE_OBJC_ARC = YES;
				CLANG_ENABLE_OBJC_WEAK = YES;
				CLANG_WARN_BLOCK_CAPTURE_AUTORELEASING = YES;
				CLANG_WARN_BOOL_CONVERSION = YES;
				CLANG_WARN_COMMA = YES;
				CLANG_WARN_CONSTANT_CONVERSION = YES;
				CLANG_WARN_DEPRECATED_OBJC_IMPLEMENTATIONS = YES;
				CLANG_WARN_DIRECT_OBJC_ISA_USAGE = YES_ERROR;
				CLANG_WARN_DOCUMENTATION_COMMENTS = YES;
				CLANG_WARN_EMPTY_BODY = YES;
				CLANG_WARN_ENUM_CONVERSION = YES;
				CLANG_WARN_INFINITE_RECURSION = YES;
				CLANG_WARN_INT_CONVERSION = YES;
				CLANG_WARN_NON_LITERAL_NULL_CONVERSION = YES;
				CLANG_WARN_OBJC_IMPLICIT_RETAIN_SELF = YES;
				CLANG_WARN_OBJC_LITERAL_CONVERSION = YES;
				CLANG_WARN_OBJC_ROOT_CLASS = YES_ERROR;
				CLANG_WARN_RANGE_LOOP_ANALYSIS = YES;
				CLANG_WARN_STRICT_PROTOTYPES = YES;
				CLANG_WARN_SUSPICIOUS_MOVE = YES;
				CLANG_WARN_UNGUARDED_AVAILABILITY = YES_AGGRESSIVE;
				CLANG_WARN_UNREACHABLE_CODE = YES;
				CLANG_WARN__DUPLICATE_METHOD_MATCH = YES;
				COPY_PHASE_STRIP = NO;
				DEBUG_INFORMATION_FORMAT = "dwarf-with-dsym";
				ENABLE_NS_ASSERTIONS = NO;
				ENABLE_STRICT_OBJC_MSGSEND = YES;
				GCC_C_LANGUAGE_STANDARD = gnu11;
				GCC_NO_COMMON_BLOCKS = YES;
				GCC_WARN_64_TO_32_BIT_CONVERSION = YES;
				GCC_WARN_ABOUT_RETURN_TYPE = YES_ERROR;
				GCC_WARN_UNDECLARED_SELECTOR = YES;
				GCC_WARN_UNINITIALIZED_AUTOS = YES_AGGRESSIVE;
				GCC_WARN_UNUSED_FUNCTION = YES;
				GCC_WARN_UNUSED_VARIABLE = YES;
				IPHONEOS_DEPLOYMENT_TARGET = 13.2;
				MTL_ENABLE_DEBUG_INFO = NO;
				MTL_FAST_MATH = YES;
				SDKROOT = iphoneos;
				SWIFT_COMPILATION_MODE = wholemodule;
				SWIFT_OPTIMIZATION_LEVEL = "-O";
				VALIDATE_PRODUCT = YES;
			};
			name = Release;
		};
		BC19CA012411CD04001FA717 /* Debug */ = {
			isa = XCBuildConfiguration;
			buildSettings = {
				ASSETCATALOG_COMPILER_APPICON_NAME = AppIcon;
				CODE_SIGN_STYLE = Automatic;
				DEVELOPMENT_TEAM = PCCZJUYRT6;
				INFOPLIST_FILE = "ios-DateExtension-demo/Info.plist";
				LD_RUNPATH_SEARCH_PATHS = (
					"$(inherited)",
					"@executable_path/Frameworks",
				);
				PRODUCT_BUNDLE_IDENTIFIER = "jp.stv-tech.ios-DateExtension-demo";
				PRODUCT_NAME = "$(TARGET_NAME)";
				SWIFT_VERSION = 5.0;
				TARGETED_DEVICE_FAMILY = "1,2";
			};
			name = Debug;
		};
		BC19CA022411CD04001FA717 /* Release */ = {
			isa = XCBuildConfiguration;
			buildSettings = {
				ASSETCATALOG_COMPILER_APPICON_NAME = AppIcon;
				CODE_SIGN_STYLE = Automatic;
				DEVELOPMENT_TEAM = PCCZJUYRT6;
				INFOPLIST_FILE = "ios-DateExtension-demo/Info.plist";
				LD_RUNPATH_SEARCH_PATHS = (
					"$(inherited)",
					"@executable_path/Frameworks",
				);
				PRODUCT_BUNDLE_IDENTIFIER = "jp.stv-tech.ios-DateExtension-demo";
				PRODUCT_NAME = "$(TARGET_NAME)";
				SWIFT_VERSION = 5.0;
				TARGETED_DEVICE_FAMILY = "1,2";
			};
			name = Release;
		};
		BC19CA042411CD04001FA717 /* Debug */ = {
			isa = XCBuildConfiguration;
			buildSettings = {
				ALWAYS_EMBED_SWIFT_STANDARD_LIBRARIES = YES;
				BUNDLE_LOADER = "$(TEST_HOST)";
				CODE_SIGN_STYLE = Automatic;
				DEVELOPMENT_TEAM = PCCZJUYRT6;
				INFOPLIST_FILE = "ios-DateExtension-demoTests/Info.plist";
				IPHONEOS_DEPLOYMENT_TARGET = 13.2;
				LD_RUNPATH_SEARCH_PATHS = (
					"$(inherited)",
					"@executable_path/Frameworks",
					"@loader_path/Frameworks",
				);
				PRODUCT_BUNDLE_IDENTIFIER = "jp.stv-tech.ios-DateExtension-demoTests";
				PRODUCT_NAME = "$(TARGET_NAME)";
				SWIFT_VERSION = 5.0;
				TARGETED_DEVICE_FAMILY = "1,2";
				TEST_HOST = "$(BUILT_PRODUCTS_DIR)/ios-DateExtension-demo.app/ios-DateExtension-demo";
			};
			name = Debug;
		};
		BC19CA052411CD04001FA717 /* Release */ = {
			isa = XCBuildConfiguration;
			buildSettings = {
				ALWAYS_EMBED_SWIFT_STANDARD_LIBRARIES = YES;
				BUNDLE_LOADER = "$(TEST_HOST)";
				CODE_SIGN_STYLE = Automatic;
				DEVELOPMENT_TEAM = PCCZJUYRT6;
				INFOPLIST_FILE = "ios-DateExtension-demoTests/Info.plist";
				IPHONEOS_DEPLOYMENT_TARGET = 13.2;
				LD_RUNPATH_SEARCH_PATHS = (
					"$(inherited)",
					"@executable_path/Frameworks",
					"@loader_path/Frameworks",
				);
				PRODUCT_BUNDLE_IDENTIFIER = "jp.stv-tech.ios-DateExtension-demoTests";
				PRODUCT_NAME = "$(TARGET_NAME)";
				SWIFT_VERSION = 5.0;
				TARGETED_DEVICE_FAMILY = "1,2";
				TEST_HOST = "$(BUILT_PRODUCTS_DIR)/ios-DateExtension-demo.app/ios-DateExtension-demo";
			};
			name = Release;
		};
/* End XCBuildConfiguration section */

/* Begin XCConfigurationList section */
		BC19C9DC2411CD03001FA717 /* Build configuration list for PBXProject "ios-DateExtension-demo" */ = {
			isa = XCConfigurationList;
			buildConfigurations = (
				BC19C9FE2411CD04001FA717 /* Debug */,
				BC19C9FF2411CD04001FA717 /* Release */,
			);
			defaultConfigurationIsVisible = 0;
			defaultConfigurationName = Release;
		};
		BC19CA002411CD04001FA717 /* Build configuration list for PBXNativeTarget "ios-DateExtension-demo" */ = {
			isa = XCConfigurationList;
			buildConfigurations = (
				BC19CA012411CD04001FA717 /* Debug */,
				BC19CA022411CD04001FA717 /* Release */,
			);
			defaultConfigurationIsVisible = 0;
			defaultConfigurationName = Release;
		};
		BC19CA032411CD04001FA717 /* Build configuration list for PBXNativeTarget "ios-DateExtension-demoTests" */ = {
			isa = XCConfigurationList;
			buildConfigurations = (
				BC19CA042411CD04001FA717 /* Debug */,
				BC19CA052411CD04001FA717 /* Release */,
			);
			defaultConfigurationIsVisible = 0;
			defaultConfigurationName = Release;
		};
/* End XCConfigurationList section */
	};
	rootObject = BC19C9D92411CD03001FA717 /* Project object */;
}
